// !$*UTF8*$!
{
	archiveVersion = 1;
	classes = {
	};
	objectVersion = 46;
	objects = {

/* Begin PBXBuildFile section */
		3D2439C0650E2CBF5CA7AB3C /* Pods_StripeIntegrationUsingCocoapods.framework in Frameworks */ = {isa = PBXBuildFile; fileRef = F38DF5EB39FAA3EBABE56B44 /* Pods_StripeIntegrationUsingCocoapods.framework */; };
		825E617D1E9246960056BFD2 /* AppDelegate.swift in Sources */ = {isa = PBXBuildFile; fileRef = 825E617C1E9246960056BFD2 /* AppDelegate.swift */; };
		825E617F1E9246960056BFD2 /* ViewController.swift in Sources */ = {isa = PBXBuildFile; fileRef = 825E617E1E9246960056BFD2 /* ViewController.swift */; };
		825E61821E9246960056BFD2 /* Main.storyboard in Resources */ = {isa = PBXBuildFile; fileRef = 825E61801E9246960056BFD2 /* Main.storyboard */; };
		825E61841E9246960056BFD2 /* Assets.xcassets in Resources */ = {isa = PBXBuildFile; fileRef = 825E61831E9246960056BFD2 /* Assets.xcassets */; };
		825E61871E9246960056BFD2 /* LaunchScreen.storyboard in Resources */ = {isa = PBXBuildFile; fileRef = 825E61851E9246960056BFD2 /* LaunchScreen.storyboard */; };
		825E618F1E9249170056BFD2 /* ProductListTableCell.swift in Sources */ = {isa = PBXBuildFile; fileRef = 825E618E1E9249170056BFD2 /* ProductListTableCell.swift */; };
		825E61911E924FE60056BFD2 /* PurchaseViewController.swift in Sources */ = {isa = PBXBuildFile; fileRef = 825E61901E924FE60056BFD2 /* PurchaseViewController.swift */; };
		825E61931E925DDF0056BFD2 /* AddCardViewController.swift in Sources */ = {isa = PBXBuildFile; fileRef = 825E61921E925DDF0056BFD2 /* AddCardViewController.swift */; };
		825E61951E925E500056BFD2 /* ShippingInfoViewController.swift in Sources */ = {isa = PBXBuildFile; fileRef = 825E61941E925E500056BFD2 /* ShippingInfoViewController.swift */; };
		8277C8711E93AD680057710B /* HelpViewController.swift in Sources */ = {isa = PBXBuildFile; fileRef = 8277C8701E93AD680057710B /* HelpViewController.swift */; };
/* End PBXBuildFile section */

/* Begin PBXFileReference section */
		625625565249F3F88A1903E9 /* Pods-StripeIntegrationUsingCocoapods.release.xcconfig */ = {isa = PBXFileReference; includeInIndex = 1; lastKnownFileType = text.xcconfig; name = "Pods-StripeIntegrationUsingCocoapods.release.xcconfig"; path = "Pods/Target Support Files/Pods-StripeIntegrationUsingCocoapods/Pods-StripeIntegrationUsingCocoapods.release.xcconfig"; sourceTree = "<group>"; };
		686BAE162B47CE846AADFF27 /* Pods-StripeIntegrationUsingCocoapods.debug.xcconfig */ = {isa = PBXFileReference; includeInIndex = 1; lastKnownFileType = text.xcconfig; name = "Pods-StripeIntegrationUsingCocoapods.debug.xcconfig"; path = "Pods/Target Support Files/Pods-StripeIntegrationUsingCocoapods/Pods-StripeIntegrationUsingCocoapods.debug.xcconfig"; sourceTree = "<group>"; };
		825E61791E9246960056BFD2 /* StripeIntegrationUsingCocoapods.app */ = {isa = PBXFileReference; explicitFileType = wrapper.application; includeInIndex = 0; path = StripeIntegrationUsingCocoapods.app; sourceTree = BUILT_PRODUCTS_DIR; };
		825E617C1E9246960056BFD2 /* AppDelegate.swift */ = {isa = PBXFileReference; lastKnownFileType = sourcecode.swift; path = AppDelegate.swift; sourceTree = "<group>"; };
		825E617E1E9246960056BFD2 /* ViewController.swift */ = {isa = PBXFileReference; lastKnownFileType = sourcecode.swift; path = ViewController.swift; sourceTree = "<group>"; };
		825E61811E9246960056BFD2 /* Base */ = {isa = PBXFileReference; lastKnownFileType = file.storyboard; name = Base; path = Base.lproj/Main.storyboard; sourceTree = "<group>"; };
		825E61831E9246960056BFD2 /* Assets.xcassets */ = {isa = PBXFileReference; lastKnownFileType = folder.assetcatalog; path = Assets.xcassets; sourceTree = "<group>"; };
		825E61861E9246960056BFD2 /* Base */ = {isa = PBXFileReference; lastKnownFileType = file.storyboard; name = Base; path = Base.lproj/LaunchScreen.storyboard; sourceTree = "<group>"; };
		825E61881E9246960056BFD2 /* Info.plist */ = {isa = PBXFileReference; lastKnownFileType = text.plist.xml; path = Info.plist; sourceTree = "<group>"; };
		825E618E1E9249170056BFD2 /* ProductListTableCell.swift */ = {isa = PBXFileReference; fileEncoding = 4; lastKnownFileType = sourcecode.swift; path = ProductListTableCell.swift; sourceTree = "<group>"; };
		825E61901E924FE60056BFD2 /* PurchaseViewController.swift */ = {isa = PBXFileReference; fileEncoding = 4; lastKnownFileType = sourcecode.swift; path = PurchaseViewController.swift; sourceTree = "<group>"; };
		825E61921E925DDF0056BFD2 /* AddCardViewController.swift */ = {isa = PBXFileReference; fileEncoding = 4; lastKnownFileType = sourcecode.swift; path = AddCardViewController.swift; sourceTree = "<group>"; };
		825E61941E925E500056BFD2 /* ShippingInfoViewController.swift */ = {isa = PBXFileReference; fileEncoding = 4; lastKnownFileType = sourcecode.swift; path = ShippingInfoViewController.swift; sourceTree = "<group>"; };
		8277C8701E93AD680057710B /* HelpViewController.swift */ = {isa = PBXFileReference; fileEncoding = 4; lastKnownFileType = sourcecode.swift; path = HelpViewController.swift; sourceTree = "<group>"; };
		F38DF5EB39FAA3EBABE56B44 /* Pods_StripeIntegrationUsingCocoapods.framework */ = {isa = PBXFileReference; explicitFileType = wrapper.framework; includeInIndex = 0; path = Pods_StripeIntegrationUsingCocoapods.framework; sourceTree = BUILT_PRODUCTS_DIR; };
/* End PBXFileReference section */

/* Begin PBXFrameworksBuildPhase section */
		825E61761E9246960056BFD2 /* Frameworks */ = {
			isa = PBXFrameworksBuildPhase;
			buildActionMask = 2147483647;
			files = (
				3D2439C0650E2CBF5CA7AB3C /* Pods_StripeIntegrationUsingCocoapods.framework in Frameworks */,
			);
			runOnlyForDeploymentPostprocessing = 0;
		};
/* End PBXFrameworksBuildPhase section */

/* Begin PBXGroup section */
		825E61701E9246960056BFD2 = {
			isa = PBXGroup;
			children = (
				825E617B1E9246960056BFD2 /* StripeIntegrationUsingCocoapods */,
				825E617A1E9246960056BFD2 /* Products */,
				CBB1A1F8B35260D6DDEBF62F /* Pods */,
				DFC941315C290E107EE340C6 /* Frameworks */,
			);
			sourceTree = "<group>";
		};
		825E617A1E9246960056BFD2 /* Products */ = {
			isa = PBXGroup;
			children = (
				825E61791E9246960056BFD2 /* StripeIntegrationUsingCocoapods.app */,
			);
			name = Products;
			sourceTree = "<group>";
		};
		825E617B1E9246960056BFD2 /* StripeIntegrationUsingCocoapods */ = {
			isa = PBXGroup;
			children = (
				825E617C1E9246960056BFD2 /* AppDelegate.swift */,
				825E617E1E9246960056BFD2 /* ViewController.swift */,
				825E61801E9246960056BFD2 /* Main.storyboard */,
				825E61831E9246960056BFD2 /* Assets.xcassets */,
				825E61851E9246960056BFD2 /* LaunchScreen.storyboard */,
				825E61881E9246960056BFD2 /* Info.plist */,
				825E618E1E9249170056BFD2 /* ProductListTableCell.swift */,
				825E61901E924FE60056BFD2 /* PurchaseViewController.swift */,
				825E61921E925DDF0056BFD2 /* AddCardViewController.swift */,
				825E61941E925E500056BFD2 /* ShippingInfoViewController.swift */,
				8277C8701E93AD680057710B /* HelpViewController.swift */,
			);
			path = StripeIntegrationUsingCocoapods;
			sourceTree = "<group>";
		};
		CBB1A1F8B35260D6DDEBF62F /* Pods */ = {
			isa = PBXGroup;
			children = (
				686BAE162B47CE846AADFF27 /* Pods-StripeIntegrationUsingCocoapods.debug.xcconfig */,
				625625565249F3F88A1903E9 /* Pods-StripeIntegrationUsingCocoapods.release.xcconfig */,
			);
			name = Pods;
			sourceTree = "<group>";
		};
		DFC941315C290E107EE340C6 /* Frameworks */ = {
			isa = PBXGroup;
			children = (
				F38DF5EB39FAA3EBABE56B44 /* Pods_StripeIntegrationUsingCocoapods.framework */,
			);
			name = Frameworks;
			sourceTree = "<group>";
		};
/* End PBXGroup section */

/* Begin PBXNativeTarget section */
		825E61781E9246960056BFD2 /* StripeIntegrationUsingCocoapods */ = {
			isa = PBXNativeTarget;
			buildConfigurationList = 825E618B1E9246960056BFD2 /* Build configuration list for PBXNativeTarget "StripeIntegrationUsingCocoapods" */;
			buildPhases = (
				DE74FF2794CAA6D5DDC1B998 /* [CP] Check Pods Manifest.lock */,
				825E61751E9246960056BFD2 /* Sources */,
				825E61761E9246960056BFD2 /* Frameworks */,
				825E61771E9246960056BFD2 /* Resources */,
				38AC9B93DCD1D3B63C35BE83 /* [CP] Embed Pods Frameworks */,
				AB566A4093FBAEAB7806CF49 /* [CP] Copy Pods Resources */,
			);
			buildRules = (
			);
			dependencies = (
			);
			name = StripeIntegrationUsingCocoapods;
			productName = StripeIntegrationUsingCocoapods;
			productReference = 825E61791E9246960056BFD2 /* StripeIntegrationUsingCocoapods.app */;
			productType = "com.apple.product-type.application";
		};
/* End PBXNativeTarget section */

/* Begin PBXProject section */
		825E61711E9246960056BFD2 /* Project object */ = {
			isa = PBXProject;
			attributes = {
				LastSwiftUpdateCheck = 0820;
				LastUpgradeCheck = 0820;
				ORGANIZATIONNAME = "Pushpam Group";
				TargetAttributes = {
					825E61781E9246960056BFD2 = {
						CreatedOnToolsVersion = 8.2;
						ProvisioningStyle = Automatic;
					};
				};
			};
			buildConfigurationList = 825E61741E9246960056BFD2 /* Build configuration list for PBXProject "StripeIntegrationUsingCocoapods" */;
			compatibilityVersion = "Xcode 3.2";
			developmentRegion = English;
			hasScannedForEncodings = 0;
			knownRegions = (
				en,
				Base,
			);
			mainGroup = 825E61701E9246960056BFD2;
			productRefGroup = 825E617A1E9246960056BFD2 /* Products */;
			projectDirPath = "";
			projectRoot = "";
			targets = (
				825E61781E9246960056BFD2 /* StripeIntegrationUsingCocoapods */,
			);
		};
/* End PBXProject section */

/* Begin PBXResourcesBuildPhase section */
		825E61771E9246960056BFD2 /* Resources */ = {
			isa = PBXResourcesBuildPhase;
			buildActionMask = 2147483647;
			files = (
				825E61871E9246960056BFD2 /* LaunchScreen.storyboard in Resources */,
				825E61841E9246960056BFD2 /* Assets.xcassets in Resources */,
				825E61821E9246960056BFD2 /* Main.storyboard in Resources */,
			);
			runOnlyForDeploymentPostprocessing = 0;
		};
/* End PBXResourcesBuildPhase section */

/* Begin PBXShellScriptBuildPhase section */
		38AC9B93DCD1D3B63C35BE83 /* [CP] Embed Pods Frameworks */ = {
			isa = PBXShellScriptBuildPhase;
			buildActionMask = 2147483647;
			files = (
			);
			inputPaths = (
			);
			name = "[CP] Embed Pods Frameworks";
			outputPaths = (
			);
			runOnlyForDeploymentPostprocessing = 0;
			shellPath = /bin/sh;
			shellScript = "\"${SRCROOT}/Pods/Target Support Files/Pods-StripeIntegrationUsingCocoapods/Pods-StripeIntegrationUsingCocoapods-frameworks.sh\"\n";
			showEnvVarsInLog = 0;
		};
		AB566A4093FBAEAB7806CF49 /* [CP] Copy Pods Resources */ = {
			isa = PBXShellScriptBuildPhase;
			buildActionMask = 2147483647;
			files = (
			);
			inputPaths = (
			);
			name = "[CP] Copy Pods Resources";
			outputPaths = (
			);
			runOnlyForDeploymentPostprocessing = 0;
			shellPath = /bin/sh;
			shellScript = "\"${SRCROOT}/Pods/Target Support Files/Pods-StripeIntegrationUsingCocoapods/Pods-StripeIntegrationUsingCocoapods-resources.sh\"\n";
			showEnvVarsInLog = 0;
		};
		DE74FF2794CAA6D5DDC1B998 /* [CP] Check Pods Manifest.lock */ = {
			isa = PBXShellScriptBuildPhase;
			buildActionMask = 2147483647;
			files = (
			);
			inputPaths = (
			);
			name = "[CP] Check Pods Manifest.lock";
			outputPaths = (
			);
			runOnlyForDeploymentPostprocessing = 0;
			shellPath = /bin/sh;
			shellScript = "diff \"${PODS_ROOT}/../Podfile.lock\" \"${PODS_ROOT}/Manifest.lock\" > /dev/null\nif [ $? != 0 ] ; then\n    # print error to STDERR\n    echo \"error: The sandbox is not in sync with the Podfile.lock. Run 'pod install' or update your CocoaPods installation.\" >&2\n    exit 1\nfi\n";
			showEnvVarsInLog = 0;
		};
/* End PBXShellScriptBuildPhase section */

/* Begin PBXSourcesBuildPhase section */
		825E61751E9246960056BFD2 /* Sources */ = {
			isa = PBXSourcesBuildPhase;
			buildActionMask = 2147483647;
			files = (
				8277C8711E93AD680057710B /* HelpViewController.swift in Sources */,
				825E618F1E9249170056BFD2 /* ProductListTableCell.swift in Sources */,
				825E61911E924FE60056BFD2 /* PurchaseViewController.swift in Sources */,
				825E617F1E9246960056BFD2 /* ViewController.swift in Sources */,
				825E617D1E9246960056BFD2 /* AppDelegate.swift in Sources */,
				825E61951E925E500056BFD2 /* ShippingInfoViewController.swift in Sources */,
				825E61931E925DDF0056BFD2 /* AddCardViewController.swift in Sources */,
			);
			runOnlyForDeploymentPostprocessing = 0;
		};
/* End PBXSourcesBuildPhase section */

/* Begin PBXVariantGroup section */
		825E61801E9246960056BFD2 /* Main.storyboard */ = {
			isa = PBXVariantGroup;
			children = (
				825E61811E9246960056BFD2 /* Base */,
			);
			name = Main.storyboard;
			sourceTree = "<group>";
		};
		825E61851E9246960056BFD2 /* LaunchScreen.storyboard */ = {
			isa = PBXVariantGroup;
			children = (
				825E61861E9246960056BFD2 /* Base */,
			);
			name = LaunchScreen.storyboard;
			sourceTree = "<group>";
		};
/* End PBXVariantGroup section */

/* Begin XCBuildConfiguration section */
		825E61891E9246960056BFD2 /* Debug */ = {
			isa = XCBuildConfiguration;
			buildSettings = {
				ALWAYS_SEARCH_USER_PATHS = NO;
				CLANG_ANALYZER_NONNULL = YES;
				CLANG_CXX_LANGUAGE_STANDARD = "gnu++0x";
				CLANG_CXX_LIBRARY = "libc++";
				CLANG_ENABLE_MODULES = YES;
				CLANG_ENABLE_OBJC_ARC = YES;
				CLANG_WARN_BOOL_CONVERSION = YES;
				CLANG_WARN_CONSTANT_CONVERSION = YES;
				CLANG_WARN_DIRECT_OBJC_ISA_USAGE = YES_ERROR;
				CLANG_WARN_DOCUMENTATION_COMMENTS = YES;
				CLANG_WARN_EMPTY_BODY = YES;
				CLANG_WARN_ENUM_CONVERSION = YES;
				CLANG_WARN_INFINITE_RECURSION = YES;
				CLANG_WARN_INT_CONVERSION = YES;
				CLANG_WARN_OBJC_ROOT_CLASS = YES_ERROR;
				CLANG_WARN_SUSPICIOUS_MOVE = YES;
				CLANG_WARN_UNREACHABLE_CODE = YES;
				CLANG_WARN__DUPLICATE_METHOD_MATCH = YES;
				"CODE_SIGN_IDENTITY[sdk=iphoneos*]" = "iPhone Developer";
				COPY_PHASE_STRIP = NO;
				DEBUG_INFORMATION_FORMAT = dwarf;
				ENABLE_STRICT_OBJC_MSGSEND = YES;
				ENABLE_TESTABILITY = YES;
				GCC_C_LANGUAGE_STANDARD = gnu99;
				GCC_DYNAMIC_NO_PIC = NO;
				GCC_NO_COMMON_BLOCKS = YES;
				GCC_OPTIMIZATION_LEVEL = 0;
				GCC_PREPROCESSOR_DEFINITIONS = (
					"DEBUG=1",
					"$(inherited)",
				);
				GCC_WARN_64_TO_32_BIT_CONVERSION = YES;
				GCC_WARN_ABOUT_RETURN_TYPE = YES_ERROR;
				GCC_WARN_UNDECLARED_SELECTOR = YES;
				GCC_WARN_UNINITIALIZED_AUTOS = YES_AGGRESSIVE;
				GCC_WARN_UNUSED_FUNCTION = YES;
				GCC_WARN_UNUSED_VARIABLE = YES;
				IPHONEOS_DEPLOYMENT_TARGET = 10.2;
				MTL_ENABLE_DEBUG_INFO = YES;
				ONLY_ACTIVE_ARCH = YES;
				SDKROOT = iphoneos;
				SWIFT_ACTIVE_COMPILATION_CONDITIONS = DEBUG;
				SWIFT_OPTIMIZATION_LEVEL = "-Onone";
			};
			name = Debug;
		};
		825E618A1E9246960056BFD2 /* Release */ = {
			isa = XCBuildConfiguration;
			buildSettings = {
				ALWAYS_SEARCH_USER_PATHS = NO;
				CLANG_ANALYZER_NONNULL = YES;
				CLANG_CXX_LANGUAGE_STANDARD = "gnu++0x";
				CLANG_CXX_LIBRARY = "libc++";
				CLANG_ENABLE_MODULES = YES;
				CLANG_ENABLE_OBJC_ARC = YES;
				CLANG_WARN_BOOL_CONVERSION = YES;
				CLANG_WARN_CONSTANT_CONVERSION = YES;
				CLANG_WARN_DIRECT_OBJC_ISA_USAGE = YES_ERROR;
				CLANG_WARN_DOCUMENTATION_COMMENTS = YES;
				CLANG_WARN_EMPTY_BODY = YES;
				CLANG_WARN_ENUM_CONVERSION = YES;
				CLANG_WARN_INFINITE_RECURSION = YES;
				CLANG_WARN_INT_CONVERSION = YES;
				CLANG_WARN_OBJC_ROOT_CLASS = YES_ERROR;
				CLANG_WARN_SUSPICIOUS_MOVE = YES;
				CLANG_WARN_UNREACHABLE_CODE = YES;
				CLANG_WARN__DUPLICATE_METHOD_MATCH = YES;
				"CODE_SIGN_IDENTITY[sdk=iphoneos*]" = "iPhone Developer";
				COPY_PHASE_STRIP = NO;
				DEBUG_INFORMATION_FORMAT = "dwarf-with-dsym";
				ENABLE_NS_ASSERTIONS = NO;
				ENABLE_STRICT_OBJC_MSGSEND = YES;
				GCC_C_LANGUAGE_STANDARD = gnu99;
				GCC_NO_COMMON_BLOCKS = YES;
				GCC_WARN_64_TO_32_BIT_CONVERSION = YES;
				GCC_WARN_ABOUT_RETURN_TYPE = YES_ERROR;
				GCC_WARN_UNDECLARED_SELECTOR = YES;
				GCC_WARN_UNINITIALIZED_AUTOS = YES_AGGRESSIVE;
				GCC_WARN_UNUSED_FUNCTION = YES;
				GCC_WARN_UNUSED_VARIABLE = YES;
				IPHONEOS_DEPLOYMENT_TARGET = 10.2;
				MTL_ENABLE_DEBUG_INFO = NO;
				SDKROOT = iphoneos;
				SWIFT_OPTIMIZATION_LEVEL = "-Owholemodule";
				VALIDATE_PRODUCT = YES;
			};
			name = Release;
		};
		825E618C1E9246960056BFD2 /* Debug */ = {
			isa = XCBuildConfiguration;
			baseConfigurationReference = 686BAE162B47CE846AADFF27 /* Pods-StripeIntegrationUsingCocoapods.debug.xcconfig */;
			buildSettings = {
				ASSETCATALOG_COMPILER_APPICON_NAME = AppIcon;
				INFOPLIST_FILE = StripeIntegrationUsingCocoapods/Info.plist;
				LD_RUNPATH_SEARCH_PATHS = "$(inherited) @executable_path/Frameworks";
				PRODUCT_BUNDLE_IDENTIFIER = com.swift.Test.StripeIntegrationUsingCocoapods;
				PRODUCT_NAME = "$(TARGET_NAME)";
				SWIFT_VERSION = 3.0;
			};
			name = Debug;
		};
		825E618D1E9246960056BFD2 /* Release */ = {
			isa = XCBuildConfiguration;
			baseConfigurationReference = 625625565249F3F88A1903E9 /* Pods-StripeIntegrationUsingCocoapods.release.xcconfig */;
			buildSettings = {
				ASSETCATALOG_COMPILER_APPICON_NAME = AppIcon;
				INFOPLIST_FILE = StripeIntegrationUsingCocoapods/Info.plist;
				LD_RUNPATH_SEARCH_PATHS = "$(inherited) @executable_path/Frameworks";
				PRODUCT_BUNDLE_IDENTIFIER = com.swift.Test.StripeIntegrationUsingCocoapods;
				PRODUCT_NAME = "$(TARGET_NAME)";
				SWIFT_VERSION = 3.0;
			};
			name = Release;
		};
/* End XCBuildConfiguration section */

/* Begin XCConfigurationList section */
		825E61741E9246960056BFD2 /* Build configuration list for PBXProject "StripeIntegrationUsingCocoapods" */ = {
			isa = XCConfigurationList;
			buildConfigurations = (
				825E61891E9246960056BFD2 /* Debug */,
				825E618A1E9246960056BFD2 /* Release */,
			);
			defaultConfigurationIsVisible = 0;
			defaultConfigurationName = Release;
		};
		825E618B1E9246960056BFD2 /* Build configuration list for PBXNativeTarget "StripeIntegrationUsingCocoapods" */ = {
			isa = XCConfigurationList;
			buildConfigurations = (
				825E618C1E9246960056BFD2 /* Debug */,
				825E618D1E9246960056BFD2 /* Release */,
			);
			defaultConfigurationIsVisible = 0;
			defaultConfigurationName = Release;
		};
/* End XCConfigurationList section */
	};
	rootObject = 825E61711E9246960056BFD2 /* Project object */;
}
